{
  "name": "helio-carousel-pipeline",
  "version": "1.0.0",
  "lockfileVersion": 3,
  "requires": true,
  "packages": {
    "": {
      "name": "helio-carousel-pipeline",
      "version": "1.0.0",
      "dependencies": {
        "@supabase/supabase-js": "^2.39.0",
        "puppeteer": "^21.0.0"
      }
    }
  }
}
